
Microsoft Visual Studio Solution File, Format Version 12.00
# Visual Studio Version 16
VisualStudioVersion = 16.0.29709.97
MinimumVisualStudioVersion = 10.0.40219.1
Project("{9A19103F-16F7-4668-BE54-9A1E7A4F7556}") = "SeniorCollegeScheduler", "SeniorCollegeScheduler.csproj", "{CE3A825E-941A-4B34-8A3C-51FA6BCA74E2}"
EndProject
Global
	GlobalSection(SolutionConfigurationPlatforms) = preSolution
		Debug|Any CPU = Debug|Any CPU
		Release|Any CPU = Release|Any CPU
	EndGlobalSection
	GlobalSection(ProjectConfigurationPlatforms) = postSolution
		{CE3A825E-941A-4B34-8A3C-51FA6BCA74E2}.Debug|Any CPU.ActiveCfg = Debug|Any CPU
		{CE3A825E-941A-4B34-8A3C-51FA6BCA74E2}.Debug|Any CPU.Build.0 = Debug|Any CPU
		{CE3A825E-941A-4B34-8A3C-51FA6BCA74E2}.Release|Any CPU.ActiveCfg = Release|Any CPU
		{CE3A825E-941A-4B34-8A3C-51FA6BCA74E2}.Release|Any CPU.Build.0 = Release|Any CPU
	EndGlobalSection
	GlobalSection(SolutionProperties) = preSolution
		HideSolutionNode = FALSE
	EndGlobalSection
	GlobalSection(ExtensibilityGlobals) = postSolution
		SolutionGuid = {4A2E6C33-809A-49BD-A989-19F251B2A3BD}
	EndGlobalSection
EndGlobal
