
Microsoft Visual Studio Solution File, Format Version 12.00
# Visual Studio Version 16
VisualStudioVersion = 16.0.29215.179
MinimumVisualStudioVersion = 10.0.40219.1
Project("{FAE04EC0-301F-11D3-BF4B-00C04F79EFBC}") = "Senior College Project", "Senior College Project\Senior College Project.csproj", "{A702A90E-1E21-4EDA-AB0B-BE8910295683}"
EndProject
Global
	GlobalSection(SolutionConfigurationPlatforms) = preSolution
		Debug|Any CPU = Debug|Any CPU
		Release|Any CPU = Release|Any CPU
	EndGlobalSection
	GlobalSection(ProjectConfigurationPlatforms) = postSolution
		{A702A90E-1E21-4EDA-AB0B-BE8910295683}.Debug|Any CPU.ActiveCfg = Debug|Any CPU
		{A702A90E-1E21-4EDA-AB0B-BE8910295683}.Debug|Any CPU.Build.0 = Debug|Any CPU
		{A702A90E-1E21-4EDA-AB0B-BE8910295683}.Release|Any CPU.ActiveCfg = Release|Any CPU
		{A702A90E-1E21-4EDA-AB0B-BE8910295683}.Release|Any CPU.Build.0 = Release|Any CPU
	EndGlobalSection
	GlobalSection(SolutionProperties) = preSolution
		HideSolutionNode = FALSE
	EndGlobalSection
	GlobalSection(ExtensibilityGlobals) = postSolution
		SolutionGuid = {F0C7C63C-EFD7-4648-8276-065B74D86DA3}
	EndGlobalSection
EndGlobal
